
Microsoft Visual Studio Solution File, Format Version 12.00
# Visual Studio Version 17
VisualStudioVersion = 17.1.32421.90
MinimumVisualStudioVersion = 10.0.40219.1
Project("{FAE04EC0-301F-11D3-BF4B-00C04F79EFBC}") = "targil6.2", "targil6.2\targil6.2.csproj", "{1DE8AF82-A52E-483E-8AEA-C7BB10FA86FB}"
EndProject
Global
	GlobalSection(SolutionConfigurationPlatforms) = preSolution
		Debug|Any CPU = Debug|Any CPU
		Release|Any CPU = Release|Any CPU
	EndGlobalSection
	GlobalSection(ProjectConfigurationPlatforms) = postSolution
		{1DE8AF82-A52E-483E-8AEA-C7BB10FA86FB}.Debug|Any CPU.ActiveCfg = Debug|Any CPU
		{1DE8AF82-A52E-483E-8AEA-C7BB10FA86FB}.Debug|Any CPU.Build.0 = Debug|Any CPU
		{1DE8AF82-A52E-483E-8AEA-C7BB10FA86FB}.Release|Any CPU.ActiveCfg = Release|Any CPU
		{1DE8AF82-A52E-483E-8AEA-C7BB10FA86FB}.Release|Any CPU.Build.0 = Release|Any CPU
	EndGlobalSection
	GlobalSection(SolutionProperties) = preSolution
		HideSolutionNode = FALSE
	EndGlobalSection
	GlobalSection(ExtensibilityGlobals) = postSolution
		SolutionGuid = {39B30161-FA25-4B8F-876E-707769A7F9F0}
	EndGlobalSection
EndGlobal
