
Microsoft Visual Studio Solution File, Format Version 12.00
# Visual Studio Version 16
VisualStudioVersion = 16.0.31321.278
MinimumVisualStudioVersion = 10.0.40219.1
Project("{FAE04EC0-301F-11D3-BF4B-00C04F79EFBC}") = "Targil 8A", "Targil 8A.csproj", "{7D58F902-A9C8-4E37-BD8B-63FA56502CE6}"
EndProject
Global
	GlobalSection(SolutionConfigurationPlatforms) = preSolution
		Debug|Any CPU = Debug|Any CPU
		Release|Any CPU = Release|Any CPU
	EndGlobalSection
	GlobalSection(ProjectConfigurationPlatforms) = postSolution
		{7D58F902-A9C8-4E37-BD8B-63FA56502CE6}.Debug|Any CPU.ActiveCfg = Debug|Any CPU
		{7D58F902-A9C8-4E37-BD8B-63FA56502CE6}.Debug|Any CPU.Build.0 = Debug|Any CPU
		{7D58F902-A9C8-4E37-BD8B-63FA56502CE6}.Release|Any CPU.ActiveCfg = Release|Any CPU
		{7D58F902-A9C8-4E37-BD8B-63FA56502CE6}.Release|Any CPU.Build.0 = Release|Any CPU
	EndGlobalSection
	GlobalSection(SolutionProperties) = preSolution
		HideSolutionNode = FALSE
	EndGlobalSection
	GlobalSection(ExtensibilityGlobals) = postSolution
		SolutionGuid = {767DE0D9-7415-4E25-8EC2-E2287B9C5730}
	EndGlobalSection
EndGlobal
