
Microsoft Visual Studio Solution File, Format Version 12.00
# Visual Studio Version 16
VisualStudioVersion = 16.0.30011.22
MinimumVisualStudioVersion = 10.0.40219.1
Project("{FAE04EC0-301F-11D3-BF4B-00C04F79EFBC}") = "Persons", "Persons.csproj", "{132ED4A6-B2D7-4E0B-8367-6E1A8B569037}"
EndProject
Global
	GlobalSection(SolutionConfigurationPlatforms) = preSolution
		Debug|Any CPU = Debug|Any CPU
		Release|Any CPU = Release|Any CPU
	EndGlobalSection
	GlobalSection(ProjectConfigurationPlatforms) = postSolution
		{132ED4A6-B2D7-4E0B-8367-6E1A8B569037}.Debug|Any CPU.ActiveCfg = Debug|Any CPU
		{132ED4A6-B2D7-4E0B-8367-6E1A8B569037}.Debug|Any CPU.Build.0 = Debug|Any CPU
		{132ED4A6-B2D7-4E0B-8367-6E1A8B569037}.Release|Any CPU.ActiveCfg = Release|Any CPU
		{132ED4A6-B2D7-4E0B-8367-6E1A8B569037}.Release|Any CPU.Build.0 = Release|Any CPU
	EndGlobalSection
	GlobalSection(SolutionProperties) = preSolution
		HideSolutionNode = FALSE
	EndGlobalSection
	GlobalSection(ExtensibilityGlobals) = postSolution
		SolutionGuid = {F1BBBAD8-17AA-4CB4-AB47-96ED65E08B21}
	EndGlobalSection
EndGlobal
