
Microsoft Visual Studio Solution File, Format Version 12.00
# Visual Studio Version 16
VisualStudioVersion = 16.0.31321.278
MinimumVisualStudioVersion = 10.0.40219.1
Project("{FAE04EC0-301F-11D3-BF4B-00C04F79EFBC}") = "Targil 8B", "Targil 8B.csproj", "{F26846B4-2003-4EAF-896E-A7AAA4AD7AC3}"
EndProject
Global
	GlobalSection(SolutionConfigurationPlatforms) = preSolution
		Debug|Any CPU = Debug|Any CPU
		Release|Any CPU = Release|Any CPU
	EndGlobalSection
	GlobalSection(ProjectConfigurationPlatforms) = postSolution
		{F26846B4-2003-4EAF-896E-A7AAA4AD7AC3}.Debug|Any CPU.ActiveCfg = Debug|Any CPU
		{F26846B4-2003-4EAF-896E-A7AAA4AD7AC3}.Debug|Any CPU.Build.0 = Debug|Any CPU
		{F26846B4-2003-4EAF-896E-A7AAA4AD7AC3}.Release|Any CPU.ActiveCfg = Release|Any CPU
		{F26846B4-2003-4EAF-896E-A7AAA4AD7AC3}.Release|Any CPU.Build.0 = Release|Any CPU
	EndGlobalSection
	GlobalSection(SolutionProperties) = preSolution
		HideSolutionNode = FALSE
	EndGlobalSection
	GlobalSection(ExtensibilityGlobals) = postSolution
		SolutionGuid = {F121563B-61BC-406E-99E4-71721A48E54E}
	EndGlobalSection
EndGlobal
